
Microsoft Visual Studio Solution File, Format Version 12.00
# Visual Studio Version 17
VisualStudioVersion = 17.0.31903.59
MinimumVisualStudioVersion = 10.0.40219.1
Project("{2150E333-8FDC-42A3-9474-1A3956D46DE8}") = "src", "src", "{9EE42C0F-0A3B-4A76-9987-1DBCACB20C3B}"
EndProject
Project("{FAE04EC0-301F-11D3-BF4B-00C04F79EFBC}") = "Cosmodust", "src\Cosmodust\Cosmodust.csproj", "{3426E4F8-8FDE-434A-B57B-BCB53AA5A7B3}"
EndProject
Project("{2150E333-8FDC-42A3-9474-1A3956D46DE8}") = "test", "test", "{1D2C0AA6-C6D0-4995-904A-A6000EA07BE2}"
EndProject
Project("{FAE04EC0-301F-11D3-BF4B-00C04F79EFBC}") = "Cosmodust.Tests", "tests\Cosmodust.Tests\Cosmodust.Tests.csproj", "{63C7F215-E7F9-404F-9234-0E6E3FED27D6}"
EndProject
Project("{2150E333-8FDC-42A3-9474-1A3956D46DE8}") = "samples", "samples", "{A85016A7-10D5-4039-816E-168C6F4E5218}"
EndProject
Project("{FAE04EC0-301F-11D3-BF4B-00C04F79EFBC}") = "todo-app", "samples\todo-app\todo-app.csproj", "{831F99A2-8078-4F81-A976-C5152FE9C37B}"
EndProject
Global
	GlobalSection(SolutionConfigurationPlatforms) = preSolution
		Debug|Any CPU = Debug|Any CPU
		Release|Any CPU = Release|Any CPU
	EndGlobalSection
	GlobalSection(SolutionProperties) = preSolution
		HideSolutionNode = FALSE
	EndGlobalSection
	GlobalSection(ProjectConfigurationPlatforms) = postSolution
		{3426E4F8-8FDE-434A-B57B-BCB53AA5A7B3}.Debug|Any CPU.ActiveCfg = Debug|Any CPU
		{3426E4F8-8FDE-434A-B57B-BCB53AA5A7B3}.Debug|Any CPU.Build.0 = Debug|Any CPU
		{3426E4F8-8FDE-434A-B57B-BCB53AA5A7B3}.Release|Any CPU.ActiveCfg = Release|Any CPU
		{3426E4F8-8FDE-434A-B57B-BCB53AA5A7B3}.Release|Any CPU.Build.0 = Release|Any CPU
		{63C7F215-E7F9-404F-9234-0E6E3FED27D6}.Debug|Any CPU.ActiveCfg = Debug|Any CPU
		{63C7F215-E7F9-404F-9234-0E6E3FED27D6}.Debug|Any CPU.Build.0 = Debug|Any CPU
		{63C7F215-E7F9-404F-9234-0E6E3FED27D6}.Release|Any CPU.ActiveCfg = Release|Any CPU
		{63C7F215-E7F9-404F-9234-0E6E3FED27D6}.Release|Any CPU.Build.0 = Release|Any CPU
		{831F99A2-8078-4F81-A976-C5152FE9C37B}.Debug|Any CPU.ActiveCfg = Debug|Any CPU
		{831F99A2-8078-4F81-A976-C5152FE9C37B}.Debug|Any CPU.Build.0 = Debug|Any CPU
		{831F99A2-8078-4F81-A976-C5152FE9C37B}.Release|Any CPU.ActiveCfg = Release|Any CPU
		{831F99A2-8078-4F81-A976-C5152FE9C37B}.Release|Any CPU.Build.0 = Release|Any CPU
	EndGlobalSection
	GlobalSection(NestedProjects) = preSolution
		{3426E4F8-8FDE-434A-B57B-BCB53AA5A7B3} = {9EE42C0F-0A3B-4A76-9987-1DBCACB20C3B}
		{63C7F215-E7F9-404F-9234-0E6E3FED27D6} = {1D2C0AA6-C6D0-4995-904A-A6000EA07BE2}
		{831F99A2-8078-4F81-A976-C5152FE9C37B} = {A85016A7-10D5-4039-816E-168C6F4E5218}
	EndGlobalSection
EndGlobal
