
Microsoft Visual Studio Solution File, Format Version 12.00
# Visual Studio Version 17
VisualStudioVersion = 17.0.31903.59
MinimumVisualStudioVersion = 10.0.40219.1
Project("{FAE04EC0-301F-11D3-BF4B-00C04F79EFBC}") = "CosmoDust", "CosmoDust\CosmoDust.csproj", "{0AB67792-D6E4-4D88-8088-984D3C213908}"
EndProject
Project("{FAE04EC0-301F-11D3-BF4B-00C04F79EFBC}") = "CosmoDust.Cosmos", "CosmoDust.Cosmos\CosmoDust.Cosmos.csproj", "{B4C026C6-605B-4267-9B6D-77E9A5C2B38A}"
EndProject
Global
	GlobalSection(SolutionConfigurationPlatforms) = preSolution
		Debug|Any CPU = Debug|Any CPU
		Release|Any CPU = Release|Any CPU
	EndGlobalSection
	GlobalSection(SolutionProperties) = preSolution
		HideSolutionNode = FALSE
	EndGlobalSection
	GlobalSection(ProjectConfigurationPlatforms) = postSolution
		{0AB67792-D6E4-4D88-8088-984D3C213908}.Debug|Any CPU.ActiveCfg = Debug|Any CPU
		{0AB67792-D6E4-4D88-8088-984D3C213908}.Debug|Any CPU.Build.0 = Debug|Any CPU
		{0AB67792-D6E4-4D88-8088-984D3C213908}.Release|Any CPU.ActiveCfg = Release|Any CPU
		{0AB67792-D6E4-4D88-8088-984D3C213908}.Release|Any CPU.Build.0 = Release|Any CPU
		{B4C026C6-605B-4267-9B6D-77E9A5C2B38A}.Debug|Any CPU.ActiveCfg = Debug|Any CPU
		{B4C026C6-605B-4267-9B6D-77E9A5C2B38A}.Debug|Any CPU.Build.0 = Debug|Any CPU
		{B4C026C6-605B-4267-9B6D-77E9A5C2B38A}.Release|Any CPU.ActiveCfg = Release|Any CPU
		{B4C026C6-605B-4267-9B6D-77E9A5C2B38A}.Release|Any CPU.Build.0 = Release|Any CPU
	EndGlobalSection
EndGlobal
